
Microsoft Visual Studio Solution File, Format Version 12.00
# Visual Studio Version 17
VisualStudioVersion = 17.0.31903.59
MinimumVisualStudioVersion = 10.0.40219.1
Project("{2150E333-8FDC-42A3-9474-1A3956D46DE8}") = "src", "src", "{231860CE-2C23-4B1E-A038-89A0C2AC154D}"
EndProject
Project("{FAE04EC0-301F-11D3-BF4B-00C04F79EFBC}") = "ZapretSmart.Core", "src\ZapretSmart.Core\ZapretSmart.Core.csproj", "{AA1BEC34-05B5-4ADD-88C7-B7F53DD3713D}"
EndProject
Project("{2150E333-8FDC-42A3-9474-1A3956D46DE8}") = "tests", "tests", "{BC008641-2B80-4A34-B3AE-6D242515F9CA}"
EndProject
Project("{FAE04EC0-301F-11D3-BF4B-00C04F79EFBC}") = "ZapretSmart.Core.Tests", "tests\ZapretSmart.Core.Tests\ZapretSmart.Core.Tests.csproj", "{6A4F3763-F47E-47DF-AE16-B624FF04AF9D}"
EndProject
Project("{FAE04EC0-301F-11D3-BF4B-00C04F79EFBC}") = "ZapretSmart.App", "src\ZapretSmart.App\ZapretSmart.App.csproj", "{0C218A84-DD0D-4854-A2E3-49C4FECC9234}"
EndProject
Global
	GlobalSection(SolutionConfigurationPlatforms) = preSolution
		Debug|Any CPU = Debug|Any CPU
		Release|Any CPU = Release|Any CPU
	EndGlobalSection
	GlobalSection(SolutionProperties) = preSolution
		HideSolutionNode = FALSE
	EndGlobalSection
	GlobalSection(ProjectConfigurationPlatforms) = postSolution
		{AA1BEC34-05B5-4ADD-88C7-B7F53DD3713D}.Debug|Any CPU.ActiveCfg = Debug|Any CPU
		{AA1BEC34-05B5-4ADD-88C7-B7F53DD3713D}.Debug|Any CPU.Build.0 = Debug|Any CPU
		{AA1BEC34-05B5-4ADD-88C7-B7F53DD3713D}.Release|Any CPU.ActiveCfg = Release|Any CPU
		{AA1BEC34-05B5-4ADD-88C7-B7F53DD3713D}.Release|Any CPU.Build.0 = Release|Any CPU
		{6A4F3763-F47E-47DF-AE16-B624FF04AF9D}.Debug|Any CPU.ActiveCfg = Debug|Any CPU
		{6A4F3763-F47E-47DF-AE16-B624FF04AF9D}.Debug|Any CPU.Build.0 = Debug|Any CPU
		{6A4F3763-F47E-47DF-AE16-B624FF04AF9D}.Release|Any CPU.ActiveCfg = Release|Any CPU
		{6A4F3763-F47E-47DF-AE16-B624FF04AF9D}.Release|Any CPU.Build.0 = Release|Any CPU
		{0C218A84-DD0D-4854-A2E3-49C4FECC9234}.Debug|Any CPU.ActiveCfg = Debug|Any CPU
		{0C218A84-DD0D-4854-A2E3-49C4FECC9234}.Debug|Any CPU.Build.0 = Debug|Any CPU
		{0C218A84-DD0D-4854-A2E3-49C4FECC9234}.Release|Any CPU.ActiveCfg = Release|Any CPU
		{0C218A84-DD0D-4854-A2E3-49C4FECC9234}.Release|Any CPU.Build.0 = Release|Any CPU
	EndGlobalSection
	GlobalSection(NestedProjects) = preSolution
		{AA1BEC34-05B5-4ADD-88C7-B7F53DD3713D} = {231860CE-2C23-4B1E-A038-89A0C2AC154D}
		{6A4F3763-F47E-47DF-AE16-B624FF04AF9D} = {BC008641-2B80-4A34-B3AE-6D242515F9CA}
		{0C218A84-DD0D-4854-A2E3-49C4FECC9234} = {231860CE-2C23-4B1E-A038-89A0C2AC154D}
	EndGlobalSection
EndGlobal
